
Microsoft Visual Studio Solution File, Format Version 12.00
# Visual Studio Version 16
VisualStudioVersion = 16.0.29728.190
MinimumVisualStudioVersion = 10.0.40219.1
Project("{FAE04EC0-301F-11D3-BF4B-00C04F79EFBC}") = "NodeGame", "NodeGame\NodeGame.csproj", "{954A3D78-3074-4E46-AC7E-70DA7483E2D0}"
EndProject
Project("{FAE04EC0-301F-11D3-BF4B-00C04F79EFBC}") = "Utility", "Utility\Utility.csproj", "{0A7C9E86-24D6-4E5B-B514-CDC805701C5E}"
EndProject
Global
	GlobalSection(SolutionConfigurationPlatforms) = preSolution
		Debug|Any CPU = Debug|Any CPU
		Release|Any CPU = Release|Any CPU
	EndGlobalSection
	GlobalSection(ProjectConfigurationPlatforms) = postSolution
		{954A3D78-3074-4E46-AC7E-70DA7483E2D0}.Debug|Any CPU.ActiveCfg = Debug|Any CPU
		{954A3D78-3074-4E46-AC7E-70DA7483E2D0}.Debug|Any CPU.Build.0 = Debug|Any CPU
		{954A3D78-3074-4E46-AC7E-70DA7483E2D0}.Release|Any CPU.ActiveCfg = Release|Any CPU
		{954A3D78-3074-4E46-AC7E-70DA7483E2D0}.Release|Any CPU.Build.0 = Release|Any CPU
		{0A7C9E86-24D6-4E5B-B514-CDC805701C5E}.Debug|Any CPU.ActiveCfg = Debug|Any CPU
		{0A7C9E86-24D6-4E5B-B514-CDC805701C5E}.Debug|Any CPU.Build.0 = Debug|Any CPU
		{0A7C9E86-24D6-4E5B-B514-CDC805701C5E}.Release|Any CPU.ActiveCfg = Release|Any CPU
		{0A7C9E86-24D6-4E5B-B514-CDC805701C5E}.Release|Any CPU.Build.0 = Release|Any CPU
	EndGlobalSection
	GlobalSection(SolutionProperties) = preSolution
		HideSolutionNode = FALSE
	EndGlobalSection
	GlobalSection(ExtensibilityGlobals) = postSolution
		SolutionGuid = {B1FE89EC-C672-4B99-AD61-EB54AFD4EC9B}
	EndGlobalSection
EndGlobal
